
Microsoft Visual Studio Solution File, Format Version 12.00
# Visual Studio 14
VisualStudioVersion = 14.0.25123.0
MinimumVisualStudioVersion = 10.0.40219.1
Project("{8A7191A0-DCD7-4F3E-B491-7733D8C90CFC}") = "Sitecore.Support.94731", "Sitecore.Support.94731\Sitecore.Support.94731.csproj", "{D1753F0B-94C6-4CDA-9A56-C80EBA887E79}"
EndProject
Global
	GlobalSection(SolutionConfigurationPlatforms) = preSolution
		Debug|Any CPU = Debug|Any CPU
		Release|Any CPU = Release|Any CPU
	EndGlobalSection
	GlobalSection(ProjectConfigurationPlatforms) = postSolution
		{D1753F0B-94C6-4CDA-9A56-C80EBA887E79}.Debug|Any CPU.ActiveCfg = Debug|Any CPU
		{D1753F0B-94C6-4CDA-9A56-C80EBA887E79}.Debug|Any CPU.Build.0 = Debug|Any CPU
		{D1753F0B-94C6-4CDA-9A56-C80EBA887E79}.Release|Any CPU.ActiveCfg = Release|Any CPU
		{D1753F0B-94C6-4CDA-9A56-C80EBA887E79}.Release|Any CPU.Build.0 = Release|Any CPU
	EndGlobalSection
	GlobalSection(SolutionProperties) = preSolution
		HideSolutionNode = FALSE
	EndGlobalSection
EndGlobal
